
Microsoft Visual Studio Solution File, Format Version 12.00
# Visual Studio Version 16
VisualStudioVersion = 16.0.29709.97
MinimumVisualStudioVersion = 10.0.40219.1
Project("{FAE04EC0-301F-11D3-BF4B-00C04F79EFBC}") = "graph1", "graph1.csproj", "{5B39331D-7B9E-4B2E-98B6-41B323234A51}"
EndProject
Project("{2150E333-8FDC-42A3-9474-1A3956D46DE8}") = "Solution Items", "Solution Items", "{CD2D73F9-624A-4301-A026-EFBC041FBEE0}"
	ProjectSection(SolutionItems) = preProject
		.editorconfig = .editorconfig
	EndProjectSection
EndProject
Global
	GlobalSection(SolutionConfigurationPlatforms) = preSolution
		Debug|Any CPU = Debug|Any CPU
		Release|Any CPU = Release|Any CPU
	EndGlobalSection
	GlobalSection(ProjectConfigurationPlatforms) = postSolution
		{5B39331D-7B9E-4B2E-98B6-41B323234A51}.Debug|Any CPU.ActiveCfg = Debug|Any CPU
		{5B39331D-7B9E-4B2E-98B6-41B323234A51}.Debug|Any CPU.Build.0 = Debug|Any CPU
		{5B39331D-7B9E-4B2E-98B6-41B323234A51}.Release|Any CPU.ActiveCfg = Release|Any CPU
		{5B39331D-7B9E-4B2E-98B6-41B323234A51}.Release|Any CPU.Build.0 = Release|Any CPU
	EndGlobalSection
	GlobalSection(SolutionProperties) = preSolution
		HideSolutionNode = FALSE
	EndGlobalSection
	GlobalSection(ExtensibilityGlobals) = postSolution
		SolutionGuid = {6C970880-AC93-47E5-ADCC-7DF94C805D1F}
	EndGlobalSection
EndGlobal
